PODS:
  - Flutter (1.0.0)
  - hyperpay_plugin (0.0.4):
    - Flutter
    - hyperpay_sdk (~> 6.14.0)
  - hyperpay_sdk (6.14.0)

DEPENDENCIES:
  - Flutter (from `Flutter`)
  - hyperpay_plugin (from `.symlinks/plugins/hyperpay_plugin/ios`)
  - hyperpay_sdk (from `https://github.com/ahmedelkhyary/hyperpay_sdk.git`)

EXTERNAL SOURCES:
  Flutter:
    :path: Flutter
  hyperpay_plugin:
    :path: ".symlinks/plugins/hyperpay_plugin/ios"
  hyperpay_sdk:
    :git: https://github.com/ahmedelkhyary/hyperpay_sdk.git

CHECKOUT OPTIONS:
  hyperpay_sdk:
    :commit: b05c1cf01161f797797ee268604a29888aa59d3d
    :git: https://github.com/ahmedelkhyary/hyperpay_sdk.git

SPEC CHECKSUMS:
  Flutter: e0871f40cf51350855a761d2e70bf5af5b9b5de7
  hyperpay_plugin: cd0a8c65886e89c6cbec936d553d328b546ab4f2
  hyperpay_sdk: d9b4d2dd30ca7c1a0680a65811410da30eb8d44e

PODFILE CHECKSUM: 5532d66c7faeb3a4e12b13eb59b65d27c25e0eaa

COCOAPODS: 1.15.2
