// !$*UTF8*$!
{
	archiveVersion = 1;
	classes = {
	};
	objectVersion = 51;
	objects = {

/* Begin PBXBuildFile section */
		1498D2341E8E89220040F4C2 /* GeneratedPluginRegistrant.m in Sources */ = {isa = PBXBuildFile; fileRef = 1498D2331E8E89220040F4C2 /* GeneratedPluginRegistrant.m */; };
		29F894BA019B68DD24397D58 /* Pods_Runner.framework in Frameworks */ = {isa = PBXBuildFile; fileRef = 4F11B33466A47C00382F1D19 /* Pods_Runner.framework */; };
		3B3967161E833CAA004F5970 /* AppFrameworkInfo.plist in Resources */ = {isa = PBXBuildFile; fileRef = 3B3967151E833CAA004F5970 /* AppFrameworkInfo.plist */; };
		74858FAF1ED2DC5600515810 /* AppDelegate.swift in Sources */ = {isa = PBXBuildFile; fileRef = 74858FAE1ED2DC5600515810 /* AppDelegate.swift */; };
		97C146FC1CF9000F007C117D /* Main.storyboard in Resources */ = {isa = PBXBuildFile; fileRef = 97C146FA1CF9000F007C117D /* Main.storyboard */; };
		97C146FE1CF9000F007C117D /* Assets.xcassets in Resources */ = {isa = PBXBuildFile; fileRef = 97C146FD1CF9000F007C117D /* Assets.xcassets */; };
		97C147011CF9000F007C117D /* LaunchScreen.storyboard in Resources */ = {isa = PBXBuildFile; fileRef = 97C146FF1CF9000F007C117D /* LaunchScreen.storyboard */; };
/* End PBXBuildFile section */

/* Begin PBXFileReference section */
		1498D2321E8E86230040F4C2 /* GeneratedPluginRegistrant.h */ = {isa = PBXFileReference; lastKnownFileType = sourcecode.c.h; path = GeneratedPluginRegistrant.h; sourceTree = "<group>"; };
		1498D2331E8E89220040F4C2 /* GeneratedPluginRegistrant.m */ = {isa = PBXFileReference; fileEncoding = 4; lastKnownFileType = sourcecode.c.objc; path = GeneratedPluginRegistrant.m; sourceTree = "<group>"; };
		1881B10B36C6055B99E912AF /* Pods-Runner.debug.xcconfig */ = {isa = PBXFileReference; includeInIndex = 1; lastKnownFileType = text.xcconfig; name = "Pods-Runner.debug.xcconfig"; path = "Target Support Files/Pods-Runner/Pods-Runner.debug.xcconfig"; sourceTree = "<group>"; };
		3B3967151E833CAA004F5970 /* AppFrameworkInfo.plist */ = {isa = PBXFileReference; fileEncoding = 4; lastKnownFileType = text.plist.xml; name = AppFrameworkInfo.plist; path = Flutter/AppFrameworkInfo.plist; sourceTree = "<group>"; };
		4E5B5CEB2952FC8800C4E9F6 /* flutter_hyperpay */ = {isa = PBXFileReference; lastKnownFileType = text; path = flutter_hyperpay; sourceTree = "<group>"; };
		4E5B5D292952FC8800C4E9F6 /* Hyperpay SDK v4.9.1.zip */ = {isa = PBXFileReference; lastKnownFileType = archive.zip; path = "Hyperpay SDK v4.9.1.zip"; sourceTree = "<group>"; };
		4E5B5D2B2952FC8800C4E9F6 /* ipworks3ds_sdk_deploy.xcframework */ = {isa = PBXFileReference; lastKnownFileType = wrapper.xcframework; path = ipworks3ds_sdk_deploy.xcframework; sourceTree = "<group>"; };
		4E5B5D2C2952FC8800C4E9F6 /* OPPWAMobile.xcframework */ = {isa = PBXFileReference; lastKnownFileType = wrapper.xcframework; path = OPPWAMobile.xcframework; sourceTree = "<group>"; };
		4E5B5D2D2952FC8800C4E9F6 /* ipworks3ds_sdk.xcframework */ = {isa = PBXFileReference; lastKnownFileType = wrapper.xcframework; path = ipworks3ds_sdk.xcframework; sourceTree = "<group>"; };
		4E5B5D2E2952FEC200C4E9F6 /* OPPWAMobile.xcframework */ = {isa = PBXFileReference; lastKnownFileType = wrapper.xcframework; name = OPPWAMobile.xcframework; path = ../../../../../Ahmed/4.6.0/iOS_Frameworks_4.6.0/OPPWAMobile.xcframework; sourceTree = "<group>"; };
		4E5B5D312952FED900C4E9F6 /* ipworks3ds_sdk.xcframework */ = {isa = PBXFileReference; lastKnownFileType = wrapper.xcframework; name = ipworks3ds_sdk.xcframework; path = ../../../../../Ahmed/4.6.0/iOS_Frameworks_4.6.0/ipworks3ds_sdk.xcframework; sourceTree = "<group>"; };
		4F11B33466A47C00382F1D19 /* Pods_Runner.framework */ = {isa = PBXFileReference; explicitFileType = wrapper.framework; includeInIndex = 0; path = Pods_Runner.framework; sourceTree = BUILT_PRODUCTS_DIR; };
		74858FAD1ED2DC5600515810 /* Runner-Bridging-Header.h */ = {isa = PBXFileReference; lastKnownFileType = sourcecode.c.h; path = "Runner-Bridging-Header.h"; sourceTree = "<group>"; };
		74858FAE1ED2DC5600515810 /* AppDelegate.swift */ = {isa = PBXFileReference; fileEncoding = 4; lastKnownFileType = sourcecode.swift; path = AppDelegate.swift; sourceTree = "<group>"; };
		7AFA3C8E1D35360C0083082E /* Release.xcconfig */ = {isa = PBXFileReference; lastKnownFileType = text.xcconfig; name = Release.xcconfig; path = Flutter/Release.xcconfig; sourceTree = "<group>"; };
		8EA9C6C62B5D9529F349F263 /* Pods-Runner.profile.xcconfig */ = {isa = PBXFileReference; includeInIndex = 1; lastKnownFileType = text.xcconfig; name = "Pods-Runner.profile.xcconfig"; path = "Target Support Files/Pods-Runner/Pods-Runner.profile.xcconfig"; sourceTree = "<group>"; };
		9740EEB21CF90195004384FC /* Debug.xcconfig */ = {isa = PBXFileReference; fileEncoding = 4; lastKnownFileType = text.xcconfig; name = Debug.xcconfig; path = Flutter/Debug.xcconfig; sourceTree = "<group>"; };
		9740EEB31CF90195004384FC /* Generated.xcconfig */ = {isa = PBXFileReference; fileEncoding = 4; lastKnownFileType = text.xcconfig; name = Generated.xcconfig; path = Flutter/Generated.xcconfig; sourceTree = "<group>"; };
		97C146EE1CF9000F007C117D /* Runner.app */ = {isa = PBXFileReference; explicitFileType = wrapper.application; includeInIndex = 0; path = Runner.app; sourceTree = BUILT_PRODUCTS_DIR; };
		97C146FB1CF9000F007C117D /* Base */ = {isa = PBXFileReference; lastKnownFileType = file.storyboard; name = Base; path = Base.lproj/Main.storyboard; sourceTree = "<group>"; };
		97C146FD1CF9000F007C117D /* Assets.xcassets */ = {isa = PBXFileReference; lastKnownFileType = folder.assetcatalog; path = Assets.xcassets; sourceTree = "<group>"; };
		97C147001CF9000F007C117D /* Base */ = {isa = PBXFileReference; lastKnownFileType = file.storyboard; name = Base; path = Base.lproj/LaunchScreen.storyboard; sourceTree = "<group>"; };
		97C147021CF9000F007C117D /* Info.plist */ = {isa = PBXFileReference; lastKnownFileType = text.plist.xml; path = Info.plist; sourceTree = "<group>"; };
		CE16008D869EAE1B3B6B9359 /* Pods-Runner.release.xcconfig */ = {isa = PBXFileReference; includeInIndex = 1; lastKnownFileType = text.xcconfig; name = "Pods-Runner.release.xcconfig"; path = "Target Support Files/Pods-Runner/Pods-Runner.release.xcconfig"; sourceTree = "<group>"; };
/* End PBXFileReference section */

/* Begin PBXFrameworksBuildPhase section */
		97C146EB1CF9000F007C117D /* Frameworks */ = {
			isa = PBXFrameworksBuildPhase;
			buildActionMask = 2147483647;
			files = (
				29F894BA019B68DD24397D58 /* Pods_Runner.framework in Frameworks */,
			);
			runOnlyForDeploymentPostprocessing = 0;
		};
/* End PBXFrameworksBuildPhase section */

/* Begin PBXGroup section */
		227ACF4370AE2619E9559C4F /* Frameworks */ = {
			isa = PBXGroup;
			children = (
				4E5B5D312952FED900C4E9F6 /* ipworks3ds_sdk.xcframework */,
				4E5B5D2E2952FEC200C4E9F6 /* OPPWAMobile.xcframework */,
				4E5B5CD32952FC8800C4E9F6 /* Ahmed */,
				4F11B33466A47C00382F1D19 /* Pods_Runner.framework */,
			);
			name = Frameworks;
			sourceTree = "<group>";
		};
		3AFC42A95424C2DCE06EA257 /* Pods */ = {
			isa = PBXGroup;
			children = (
				1881B10B36C6055B99E912AF /* Pods-Runner.debug.xcconfig */,
				CE16008D869EAE1B3B6B9359 /* Pods-Runner.release.xcconfig */,
				8EA9C6C62B5D9529F349F263 /* Pods-Runner.profile.xcconfig */,
			);
			path = Pods;
			sourceTree = "<group>";
		};
		4E5B5CD32952FC8800C4E9F6 /* Ahmed */ = {
			isa = PBXGroup;
			children = (
				4E5B5CD42952FC8800C4E9F6 /* ios */,
				4E5B5CDD2952FC8800C4E9F6 /* flutter-demo */,
				4E5B5D292952FC8800C4E9F6 /* Hyperpay SDK v4.9.1.zip */,
				4E5B5D2A2952FC8800C4E9F6 /* iOS_Frameworks_4.9.1 */,
			);
			name = Ahmed;
			path = ../../../../../Ahmed;
			sourceTree = "<group>";
		};
		4E5B5CD42952FC8800C4E9F6 /* ios */ = {
			isa = PBXGroup;
			children = (
				4E5B5CD52952FC8800C4E9F6 /* Demo */,
				4E5B5CD82952FC8800C4E9F6 /* iOS_Frameworks_4.6.0 */,
			);
			path = ios;
			sourceTree = "<group>";
		};
		4E5B5CD52952FC8800C4E9F6 /* Demo */ = {
			isa = PBXGroup;
			children = (
				4E5B5CD62952FC8800C4E9F6 /* MSDKDemo */,
			);
			path = Demo;
			sourceTree = "<group>";
		};
		4E5B5CD62952FC8800C4E9F6 /* MSDKDemo */ = {
			isa = PBXGroup;
			children = (
				4E5B5CD72952FC8800C4E9F6 /* Controller */,
			);
			path = MSDKDemo;
			sourceTree = "<group>";
		};
		4E5B5CD72952FC8800C4E9F6 /* Controller */ = {
			isa = PBXGroup;
			children = (
			);
			path = Controller;
			sourceTree = "<group>";
		};
		4E5B5CD82952FC8800C4E9F6 /* iOS_Frameworks_4.6.0 */ = {
			isa = PBXGroup;
			children = (
				4E5B5CD92952FC8800C4E9F6 /* Demo */,
				4E5B5CDC2952FC8800C4E9F6 /* Runner 2022-10-10 17-15-36gg */,
			);
			path = iOS_Frameworks_4.6.0;
			sourceTree = "<group>";
		};
		4E5B5CD92952FC8800C4E9F6 /* Demo */ = {
			isa = PBXGroup;
			children = (
				4E5B5CDA2952FC8800C4E9F6 /* MSDKDemo */,
			);
			path = Demo;
			sourceTree = "<group>";
		};
		4E5B5CDA2952FC8800C4E9F6 /* MSDKDemo */ = {
			isa = PBXGroup;
			children = (
				4E5B5CDB2952FC8800C4E9F6 /* Controller */,
			);
			path = MSDKDemo;
			sourceTree = "<group>";
		};
		4E5B5CDB2952FC8800C4E9F6 /* Controller */ = {
			isa = PBXGroup;
			children = (
			);
			path = Controller;
			sourceTree = "<group>";
		};
		4E5B5CDC2952FC8800C4E9F6 /* Runner 2022-10-10 17-15-36gg */ = {
			isa = PBXGroup;
			children = (
			);
			path = "Runner 2022-10-10 17-15-36gg";
			sourceTree = "<group>";
		};
		4E5B5CDD2952FC8800C4E9F6 /* flutter-demo */ = {
			isa = PBXGroup;
			children = (
				4E5B5CDE2952FC8800C4E9F6 /* test */,
				4E5B5CDF2952FC8800C4E9F6 /* ios */,
				4E5B5CEC2952FC8800C4E9F6 /* android */,
				4E5B5D0F2952FC8800C4E9F6 /* lib */,
				4E5B5D102952FC8800C4E9F6 /* build */,
				4E5B5D232952FC8800C4E9F6 /* .dart_tool */,
				4E5B5D272952FC8800C4E9F6 /* .idea */,
			);
			path = "flutter-demo";
			sourceTree = "<group>";
		};
		4E5B5CDE2952FC8800C4E9F6 /* test */ = {
			isa = PBXGroup;
			children = (
			);
			path = test;
			sourceTree = "<group>";
		};
		4E5B5CDF2952FC8800C4E9F6 /* ios */ = {
			isa = PBXGroup;
			children = (
				4E5B5CE02952FC8800C4E9F6 /* Runner */,
				4E5B5CE12952FC8800C4E9F6 /* Flutter */,
				4E5B5CE22952FC8800C4E9F6 /* Pods */,
				4E5B5CE92952FC8800C4E9F6 /* .symlinks */,
			);
			path = ios;
			sourceTree = "<group>";
		};
		4E5B5CE02952FC8800C4E9F6 /* Runner */ = {
			isa = PBXGroup;
			children = (
			);
			path = Runner;
			sourceTree = "<group>";
		};
		4E5B5CE12952FC8800C4E9F6 /* Flutter */ = {
			isa = PBXGroup;
			children = (
			);
			path = Flutter;
			sourceTree = "<group>";
		};
		4E5B5CE22952FC8800C4E9F6 /* Pods */ = {
			isa = PBXGroup;
			children = (
				4E5B5CE32952FC8800C4E9F6 /* Target Support Files */,
				4E5B5CE72952FC8800C4E9F6 /* Local Podspecs */,
				4E5B5CE82952FC8800C4E9F6 /* Headers */,
			);
			path = Pods;
			sourceTree = "<group>";
		};
		4E5B5CE32952FC8800C4E9F6 /* Target Support Files */ = {
			isa = PBXGroup;
			children = (
				4E5B5CE42952FC8800C4E9F6 /* Flutter */,
				4E5B5CE52952FC8800C4E9F6 /* Pods-Runner */,
				4E5B5CE62952FC8800C4E9F6 /* flutter_hyperpay */,
			);
			path = "Target Support Files";
			sourceTree = "<group>";
		};
		4E5B5CE42952FC8800C4E9F6 /* Flutter */ = {
			isa = PBXGroup;
			children = (
			);
			path = Flutter;
			sourceTree = "<group>";
		};
		4E5B5CE52952FC8800C4E9F6 /* Pods-Runner */ = {
			isa = PBXGroup;
			children = (
			);
			path = "Pods-Runner";
			sourceTree = "<group>";
		};
		4E5B5CE62952FC8800C4E9F6 /* flutter_hyperpay */ = {
			isa = PBXGroup;
			children = (
			);
			path = flutter_hyperpay;
			sourceTree = "<group>";
		};
		4E5B5CE72952FC8800C4E9F6 /* Local Podspecs */ = {
			isa = PBXGroup;
			children = (
			);
			path = "Local Podspecs";
			sourceTree = "<group>";
		};
		4E5B5CE82952FC8800C4E9F6 /* Headers */ = {
			isa = PBXGroup;
			children = (
			);
			path = Headers;
			sourceTree = "<group>";
		};
		4E5B5CE92952FC8800C4E9F6 /* .symlinks */ = {
			isa = PBXGroup;
			children = (
				4E5B5CEA2952FC8800C4E9F6 /* plugins */,
			);
			path = .symlinks;
			sourceTree = "<group>";
		};
		4E5B5CEA2952FC8800C4E9F6 /* plugins */ = {
			isa = PBXGroup;
			children = (
				4E5B5CEB2952FC8800C4E9F6 /* flutter_hyperpay */,
			);
			path = plugins;
			sourceTree = "<group>";
		};
		4E5B5CEC2952FC8800C4E9F6 /* android */ = {
			isa = PBXGroup;
			children = (
				4E5B5CED2952FC8800C4E9F6 /* app */,
				4E5B5D012952FC8800C4E9F6 /* gradle */,
				4E5B5D032952FC8800C4E9F6 /* oppwa.mobile_four */,
				4E5B5D042952FC8800C4E9F6 /* .gradle */,
				4E5B5D0E2952FC8800C4E9F6 /* .idea */,
			);
			path = android;
			sourceTree = "<group>";
		};
		4E5B5CED2952FC8800C4E9F6 /* app */ = {
			isa = PBXGroup;
			children = (
				4E5B5CEE2952FC8800C4E9F6 /* src */,
			);
			path = app;
			sourceTree = "<group>";
		};
		4E5B5CEE2952FC8800C4E9F6 /* src */ = {
			isa = PBXGroup;
			children = (
				4E5B5CEF2952FC8800C4E9F6 /* profile */,
				4E5B5CF02952FC8800C4E9F6 /* main */,
				4E5B5D002952FC8800C4E9F6 /* debug */,
			);
			path = src;
			sourceTree = "<group>";
		};
		4E5B5CEF2952FC8800C4E9F6 /* profile */ = {
			isa = PBXGroup;
			children = (
			);
			path = profile;
			sourceTree = "<group>";
		};
		4E5B5CF02952FC8800C4E9F6 /* main */ = {
			isa = PBXGroup;
			children = (
				4E5B5CF12952FC8800C4E9F6 /* res */,
				4E5B5CF92952FC8800C4E9F6 /* java */,
			);
			path = main;
			sourceTree = "<group>";
		};
		4E5B5CF12952FC8800C4E9F6 /* res */ = {
			isa = PBXGroup;
			children = (
				4E5B5CF22952FC8800C4E9F6 /* mipmap-mdpi */,
				4E5B5CF32952FC8800C4E9F6 /* mipmap-hdpi */,
				4E5B5CF42952FC8800C4E9F6 /* drawable */,
				4E5B5CF52952FC8800C4E9F6 /* mipmap-xxxhdpi */,
				4E5B5CF62952FC8800C4E9F6 /* mipmap-xxhdpi */,
				4E5B5CF72952FC8800C4E9F6 /* values */,
				4E5B5CF82952FC8800C4E9F6 /* mipmap-xhdpi */,
			);
			path = res;
			sourceTree = "<group>";
		};
		4E5B5CF22952FC8800C4E9F6 /* mipmap-mdpi */ = {
			isa = PBXGroup;
			children = (
			);
			path = "mipmap-mdpi";
			sourceTree = "<group>";
		};
		4E5B5CF32952FC8800C4E9F6 /* mipmap-hdpi */ = {
			isa = PBXGroup;
			children = (
			);
			path = "mipmap-hdpi";
			sourceTree = "<group>";
		};
		4E5B5CF42952FC8800C4E9F6 /* drawable */ = {
			isa = PBXGroup;
			children = (
			);
			path = drawable;
			sourceTree = "<group>";
		};
		4E5B5CF52952FC8800C4E9F6 /* mipmap-xxxhdpi */ = {
			isa = PBXGroup;
			children = (
			);
			path = "mipmap-xxxhdpi";
			sourceTree = "<group>";
		};
		4E5B5CF62952FC8800C4E9F6 /* mipmap-xxhdpi */ = {
			isa = PBXGroup;
			children = (
			);
			path = "mipmap-xxhdpi";
			sourceTree = "<group>";
		};
		4E5B5CF72952FC8800C4E9F6 /* values */ = {
			isa = PBXGroup;
			children = (
			);
			path = values;
			sourceTree = "<group>";
		};
		4E5B5CF82952FC8800C4E9F6 /* mipmap-xhdpi */ = {
			isa = PBXGroup;
			children = (
			);
			path = "mipmap-xhdpi";
			sourceTree = "<group>";
		};
		4E5B5CF92952FC8800C4E9F6 /* java */ = {
			isa = PBXGroup;
			children = (
				4E5B5CFA2952FC8800C4E9F6 /* io */,
				4E5B5CFD2952FC8800C4E9F6 /* com */,
			);
			path = java;
			sourceTree = "<group>";
		};
		4E5B5CFA2952FC8800C4E9F6 /* io */ = {
			isa = PBXGroup;
			children = (
				4E5B5CFB2952FC8800C4E9F6 /* flutter */,
			);
			path = io;
			sourceTree = "<group>";
		};
		4E5B5CFB2952FC8800C4E9F6 /* flutter */ = {
			isa = PBXGroup;
			children = (
				4E5B5CFC2952FC8800C4E9F6 /* plugins */,
			);
			path = flutter;
			sourceTree = "<group>";
		};
		4E5B5CFC2952FC8800C4E9F6 /* plugins */ = {
			isa = PBXGroup;
			children = (
			);
			path = plugins;
			sourceTree = "<group>";
		};
		4E5B5CFD2952FC8800C4E9F6 /* com */ = {
			isa = PBXGroup;
			children = (
				4E5B5CFE2952FC8800C4E9F6 /* mosab */,
			);
			path = com;
			sourceTree = "<group>";
		};
		4E5B5CFE2952FC8800C4E9F6 /* mosab */ = {
			isa = PBXGroup;
			children = (
				4E5B5CFF2952FC8800C4E9F6 /* flutter_demo */,
			);
			path = mosab;
			sourceTree = "<group>";
		};
		4E5B5CFF2952FC8800C4E9F6 /* flutter_demo */ = {
			isa = PBXGroup;
			children = (
			);
			path = flutter_demo;
			sourceTree = "<group>";
		};
		4E5B5D002952FC8800C4E9F6 /* debug */ = {
			isa = PBXGroup;
			children = (
			);
			path = debug;
			sourceTree = "<group>";
		};
		4E5B5D012952FC8800C4E9F6 /* gradle */ = {
			isa = PBXGroup;
			children = (
				4E5B5D022952FC8800C4E9F6 /* wrapper */,
			);
			path = gradle;
			sourceTree = "<group>";
		};
		4E5B5D022952FC8800C4E9F6 /* wrapper */ = {
			isa = PBXGroup;
			children = (
			);
			path = wrapper;
			sourceTree = "<group>";
		};
		4E5B5D032952FC8800C4E9F6 /* oppwa.mobile_four */ = {
			isa = PBXGroup;
			children = (
			);
			path = oppwa.mobile_four;
			sourceTree = "<group>";
		};
		4E5B5D042952FC8800C4E9F6 /* .gradle */ = {
			isa = PBXGroup;
			children = (
				4E5B5D052952FC8800C4E9F6 /* vcs-1 */,
				4E5B5D062952FC8800C4E9F6 /* buildOutputCleanup */,
				4E5B5D072952FC8800C4E9F6 /* 7.5.1 */,
			);
			path = .gradle;
			sourceTree = "<group>";
		};
		4E5B5D052952FC8800C4E9F6 /* vcs-1 */ = {
			isa = PBXGroup;
			children = (
			);
			path = "vcs-1";
			sourceTree = "<group>";
		};
		4E5B5D062952FC8800C4E9F6 /* buildOutputCleanup */ = {
			isa = PBXGroup;
			children = (
			);
			path = buildOutputCleanup;
			sourceTree = "<group>";
		};
		4E5B5D072952FC8800C4E9F6 /* 7.5.1 */ = {
			isa = PBXGroup;
			children = (
				4E5B5D082952FC8800C4E9F6 /* executionHistory */,
				4E5B5D092952FC8800C4E9F6 /* fileChanges */,
				4E5B5D0A2952FC8800C4E9F6 /* dependencies-accessors */,
				4E5B5D0B2952FC8800C4E9F6 /* checksums */,
				4E5B5D0C2952FC8800C4E9F6 /* vcsMetadata */,
				4E5B5D0D2952FC8800C4E9F6 /* fileHashes */,
			);
			path = 7.5.1;
			sourceTree = "<group>";
		};
		4E5B5D082952FC8800C4E9F6 /* executionHistory */ = {
			isa = PBXGroup;
			children = (
			);
			path = executionHistory;
			sourceTree = "<group>";
		};
		4E5B5D092952FC8800C4E9F6 /* fileChanges */ = {
			isa = PBXGroup;
			children = (
			);
			path = fileChanges;
			sourceTree = "<group>";
		};
		4E5B5D0A2952FC8800C4E9F6 /* dependencies-accessors */ = {
			isa = PBXGroup;
			children = (
			);
			path = "dependencies-accessors";
			sourceTree = "<group>";
		};
		4E5B5D0B2952FC8800C4E9F6 /* checksums */ = {
			isa = PBXGroup;
			children = (
			);
			path = checksums;
			sourceTree = "<group>";
		};
		4E5B5D0C2952FC8800C4E9F6 /* vcsMetadata */ = {
			isa = PBXGroup;
			children = (
			);
			path = vcsMetadata;
			sourceTree = "<group>";
		};
		4E5B5D0D2952FC8800C4E9F6 /* fileHashes */ = {
			isa = PBXGroup;
			children = (
			);
			path = fileHashes;
			sourceTree = "<group>";
		};
		4E5B5D0E2952FC8800C4E9F6 /* .idea */ = {
			isa = PBXGroup;
			children = (
			);
			path = .idea;
			sourceTree = "<group>";
		};
		4E5B5D0F2952FC8800C4E9F6 /* lib */ = {
			isa = PBXGroup;
			children = (
			);
			path = lib;
			sourceTree = "<group>";
		};
		4E5B5D102952FC8800C4E9F6 /* build */ = {
			isa = PBXGroup;
			children = (
				4E5B5D112952FC8800C4E9F6 /* ios */,
				4E5B5D222952FC8800C4E9F6 /* c5b6a52036cdd083e8bd35d3fb732f30 */,
			);
			path = build;
			sourceTree = "<group>";
		};
		4E5B5D112952FC8800C4E9F6 /* ios */ = {
			isa = PBXGroup;
			children = (
				4E5B5D122952FC8800C4E9F6 /* Pods.build */,
				4E5B5D172952FC8800C4E9F6 /* XCBuildData */,
				4E5B5D1C2952FC8800C4E9F6 /* Debug-iphonesimulator */,
				4E5B5D212952FC8800C4E9F6 /* iphonesimulator */,
			);
			path = ios;
			sourceTree = "<group>";
		};
		4E5B5D122952FC8800C4E9F6 /* Pods.build */ = {
			isa = PBXGroup;
			children = (
				4E5B5D132952FC8800C4E9F6 /* Release-iphonesimulator */,
			);
			path = Pods.build;
			sourceTree = "<group>";
		};
		4E5B5D132952FC8800C4E9F6 /* Release-iphonesimulator */ = {
			isa = PBXGroup;
			children = (
				4E5B5D142952FC8800C4E9F6 /* Pods-Runner.build */,
				4E5B5D152952FC8800C4E9F6 /* flutter_hyperpay.build */,
				4E5B5D162952FC8800C4E9F6 /* Flutter.build */,
			);
			path = "Release-iphonesimulator";
			sourceTree = "<group>";
		};
		4E5B5D142952FC8800C4E9F6 /* Pods-Runner.build */ = {
			isa = PBXGroup;
			children = (
			);
			path = "Pods-Runner.build";
			sourceTree = "<group>";
		};
		4E5B5D152952FC8800C4E9F6 /* flutter_hyperpay.build */ = {
			isa = PBXGroup;
			children = (
			);
			path = flutter_hyperpay.build;
			sourceTree = "<group>";
		};
		4E5B5D162952FC8800C4E9F6 /* Flutter.build */ = {
			isa = PBXGroup;
			children = (
			);
			path = Flutter.build;
			sourceTree = "<group>";
		};
		4E5B5D172952FC8800C4E9F6 /* XCBuildData */ = {
			isa = PBXGroup;
			children = (
				4E5B5D182952FC8800C4E9F6 /* PIFCache */,
			);
			path = XCBuildData;
			sourceTree = "<group>";
		};
		4E5B5D182952FC8800C4E9F6 /* PIFCache */ = {
			isa = PBXGroup;
			children = (
				4E5B5D192952FC8800C4E9F6 /* target */,
				4E5B5D1A2952FC8800C4E9F6 /* workspace */,
				4E5B5D1B2952FC8800C4E9F6 /* project */,
			);
			path = PIFCache;
			sourceTree = "<group>";
		};
		4E5B5D192952FC8800C4E9F6 /* target */ = {
			isa = PBXGroup;
			children = (
			);
			path = target;
			sourceTree = "<group>";
		};
		4E5B5D1A2952FC8800C4E9F6 /* workspace */ = {
			isa = PBXGroup;
			children = (
			);
			path = workspace;
			sourceTree = "<group>";
		};
		4E5B5D1B2952FC8800C4E9F6 /* project */ = {
			isa = PBXGroup;
			children = (
			);
			path = project;
			sourceTree = "<group>";
		};
		4E5B5D1C2952FC8800C4E9F6 /* Debug-iphonesimulator */ = {
			isa = PBXGroup;
			children = (
				4E5B5D1D2952FC8800C4E9F6 /* Runner.swiftmodule */,
				4E5B5D1F2952FC8800C4E9F6 /* Flutter */,
				4E5B5D202952FC8800C4E9F6 /* flutter_hyperpay */,
			);
			path = "Debug-iphonesimulator";
			sourceTree = "<group>";
		};
		4E5B5D1D2952FC8800C4E9F6 /* Runner.swiftmodule */ = {
			isa = PBXGroup;
			children = (
				4E5B5D1E2952FC8800C4E9F6 /* Project */,
			);
			path = Runner.swiftmodule;
			sourceTree = "<group>";
		};
		4E5B5D1E2952FC8800C4E9F6 /* Project */ = {
			isa = PBXGroup;
			children = (
			);
			path = Project;
			sourceTree = "<group>";
		};
		4E5B5D1F2952FC8800C4E9F6 /* Flutter */ = {
			isa = PBXGroup;
			children = (
			);
			path = Flutter;
			sourceTree = "<group>";
		};
		4E5B5D202952FC8800C4E9F6 /* flutter_hyperpay */ = {
			isa = PBXGroup;
			children = (
			);
			path = flutter_hyperpay;
			sourceTree = "<group>";
		};
		4E5B5D212952FC8800C4E9F6 /* iphonesimulator */ = {
			isa = PBXGroup;
			children = (
			);
			path = iphonesimulator;
			sourceTree = "<group>";
		};
		4E5B5D222952FC8800C4E9F6 /* c5b6a52036cdd083e8bd35d3fb732f30 */ = {
			isa = PBXGroup;
			children = (
			);
			path = c5b6a52036cdd083e8bd35d3fb732f30;
			sourceTree = "<group>";
		};
		4E5B5D232952FC8800C4E9F6 /* .dart_tool */ = {
			isa = PBXGroup;
			children = (
				4E5B5D242952FC8800C4E9F6 /* flutter_build */,
			);
			path = .dart_tool;
			sourceTree = "<group>";
		};
		4E5B5D242952FC8800C4E9F6 /* flutter_build */ = {
			isa = PBXGroup;
			children = (
				4E5B5D252952FC8800C4E9F6 /* 4296e518ecb4035d43682b9061762795 */,
				4E5B5D262952FC8800C4E9F6 /* 7fef277695c9cc284328d0471d894269 */,
			);
			path = flutter_build;
			sourceTree = "<group>";
		};
		4E5B5D252952FC8800C4E9F6 /* 4296e518ecb4035d43682b9061762795 */ = {
			isa = PBXGroup;
			children = (
			);
			path = 4296e518ecb4035d43682b9061762795;
			sourceTree = "<group>";
		};
		4E5B5D262952FC8800C4E9F6 /* 7fef277695c9cc284328d0471d894269 */ = {
			isa = PBXGroup;
			children = (
			);
			path = 7fef277695c9cc284328d0471d894269;
			sourceTree = "<group>";
		};
		4E5B5D272952FC8800C4E9F6 /* .idea */ = {
			isa = PBXGroup;
			children = (
				4E5B5D282952FC8800C4E9F6 /* libraries */,
			);
			path = .idea;
			sourceTree = "<group>";
		};
		4E5B5D282952FC8800C4E9F6 /* libraries */ = {
			isa = PBXGroup;
			children = (
			);
			path = libraries;
			sourceTree = "<group>";
		};
		4E5B5D2A2952FC8800C4E9F6 /* iOS_Frameworks_4.9.1 */ = {
			isa = PBXGroup;
			children = (
				4E5B5D2B2952FC8800C4E9F6 /* ipworks3ds_sdk_deploy.xcframework */,
				4E5B5D2C2952FC8800C4E9F6 /* OPPWAMobile.xcframework */,
				4E5B5D2D2952FC8800C4E9F6 /* ipworks3ds_sdk.xcframework */,
			);
			path = iOS_Frameworks_4.9.1;
			sourceTree = "<group>";
		};
		9740EEB11CF90186004384FC /* Flutter */ = {
			isa = PBXGroup;
			children = (
				3B3967151E833CAA004F5970 /* AppFrameworkInfo.plist */,
				9740EEB21CF90195004384FC /* Debug.xcconfig */,
				7AFA3C8E1D35360C0083082E /* Release.xcconfig */,
				9740EEB31CF90195004384FC /* Generated.xcconfig */,
			);
			name = Flutter;
			sourceTree = "<group>";
		};
		97C146E51CF9000F007C117D = {
			isa = PBXGroup;
			children = (
				9740EEB11CF90186004384FC /* Flutter */,
				97C146F01CF9000F007C117D /* Runner */,
				97C146EF1CF9000F007C117D /* Products */,
				3AFC42A95424C2DCE06EA257 /* Pods */,
				227ACF4370AE2619E9559C4F /* Frameworks */,
			);
			sourceTree = "<group>";
		};
		97C146EF1CF9000F007C117D /* Products */ = {
			isa = PBXGroup;
			children = (
				97C146EE1CF9000F007C117D /* Runner.app */,
			);
			name = Products;
			sourceTree = "<group>";
		};
		97C146F01CF9000F007C117D /* Runner */ = {
			isa = PBXGroup;
			children = (
				97C146FA1CF9000F007C117D /* Main.storyboard */,
				97C146FD1CF9000F007C117D /* Assets.xcassets */,
				97C146FF1CF9000F007C117D /* LaunchScreen.storyboard */,
				97C147021CF9000F007C117D /* Info.plist */,
				1498D2321E8E86230040F4C2 /* GeneratedPluginRegistrant.h */,
				1498D2331E8E89220040F4C2 /* GeneratedPluginRegistrant.m */,
				74858FAE1ED2DC5600515810 /* AppDelegate.swift */,
				74858FAD1ED2DC5600515810 /* Runner-Bridging-Header.h */,
			);
			path = Runner;
			sourceTree = "<group>";
		};
/* End PBXGroup section */

/* Begin PBXNativeTarget section */
		97C146ED1CF9000F007C117D /* Runner */ = {
			isa = PBXNativeTarget;
			buildConfigurationList = 97C147051CF9000F007C117D /* Build configuration list for PBXNativeTarget "Runner" */;
			buildPhases = (
				A7122C47C31FC4110F7BB7C9 /* [CP] Check Pods Manifest.lock */,
				9740EEB61CF901F6004384FC /* Run Script */,
				97C146EA1CF9000F007C117D /* Sources */,
				97C146EB1CF9000F007C117D /* Frameworks */,
				97C146EC1CF9000F007C117D /* Resources */,
				3B06AD1E1E4923F5004D2608 /* Thin Binary */,
				B9ED2187D7DB48FB5292D53E /* [CP] Embed Pods Frameworks */,
			);
			buildRules = (
			);
			dependencies = (
			);
			name = Runner;
			productName = Runner;
			productReference = 97C146EE1CF9000F007C117D /* Runner.app */;
			productType = "com.apple.product-type.application";
		};
/* End PBXNativeTarget section */

/* Begin PBXProject section */
		97C146E61CF9000F007C117D /* Project object */ = {
			isa = PBXProject;
			attributes = {
				LastUpgradeCheck = 1300;
				ORGANIZATIONNAME = "";
				TargetAttributes = {
					97C146ED1CF9000F007C117D = {
						CreatedOnToolsVersion = 7.3.1;
						LastSwiftMigration = 1100;
					};
				};
			};
			buildConfigurationList = 97C146E91CF9000F007C117D /* Build configuration list for PBXProject "Runner" */;
			compatibilityVersion = "Xcode 9.3";
			developmentRegion = en;
			hasScannedForEncodings = 0;
			knownRegions = (
				en,
				Base,
			);
			mainGroup = 97C146E51CF9000F007C117D;
			productRefGroup = 97C146EF1CF9000F007C117D /* Products */;
			projectDirPath = "";
			projectRoot = "";
			targets = (
				97C146ED1CF9000F007C117D /* Runner */,
			);
		};
/* End PBXProject section */

/* Begin PBXResourcesBuildPhase section */
		97C146EC1CF9000F007C117D /* Resources */ = {
			isa = PBXResourcesBuildPhase;
			buildActionMask = 2147483647;
			files = (
				97C147011CF9000F007C117D /* LaunchScreen.storyboard in Resources */,
				3B3967161E833CAA004F5970 /* AppFrameworkInfo.plist in Resources */,
				97C146FE1CF9000F007C117D /* Assets.xcassets in Resources */,
				97C146FC1CF9000F007C117D /* Main.storyboard in Resources */,
			);
			runOnlyForDeploymentPostprocessing = 0;
		};
/* End PBXResourcesBuildPhase section */

/* Begin PBXShellScriptBuildPhase section */
		3B06AD1E1E4923F5004D2608 /* Thin Binary */ = {
			isa = PBXShellScriptBuildPhase;
			buildActionMask = 2147483647;
			files = (
			);
			inputPaths = (
			);
			name = "Thin Binary";
			outputPaths = (
			);
			runOnlyForDeploymentPostprocessing = 0;
			shellPath = /bin/sh;
			shellScript = "/bin/sh \"$FLUTTER_ROOT/packages/flutter_tools/bin/xcode_backend.sh\" embed_and_thin";
		};
		9740EEB61CF901F6004384FC /* Run Script */ = {
			isa = PBXShellScriptBuildPhase;
			buildActionMask = 2147483647;
			files = (
			);
			inputPaths = (
			);
			name = "Run Script";
			outputPaths = (
			);
			runOnlyForDeploymentPostprocessing = 0;
			shellPath = /bin/sh;
			shellScript = "/bin/sh \"$FLUTTER_ROOT/packages/flutter_tools/bin/xcode_backend.sh\" build";
		};
		A7122C47C31FC4110F7BB7C9 /* [CP] Check Pods Manifest.lock */ = {
			isa = PBXShellScriptBuildPhase;
			buildActionMask = 2147483647;
			files = (
			);
			inputFileListPaths = (
			);
			inputPaths = (
				"${PODS_PODFILE_DIR_PATH}/Podfile.lock",
				"${PODS_ROOT}/Manifest.lock",
			);
			name = "[CP] Check Pods Manifest.lock";
			outputFileListPaths = (
			);
			outputPaths = (
				"$(DERIVED_FILE_DIR)/Pods-Runner-checkManifestLockResult.txt",
			);
			runOnlyForDeploymentPostprocessing = 0;
			shellPath = /bin/sh;
			shellScript = "diff \"${PODS_PODFILE_DIR_PATH}/Podfile.lock\" \"${PODS_ROOT}/Manifest.lock\" > /dev/null\nif [ $? != 0 ] ; then\n    # print error to STDERR\n    echo \"error: The sandbox is not in sync with the Podfile.lock. Run 'pod install' or update your CocoaPods installation.\" >&2\n    exit 1\nfi\n# This output is used by Xcode 'outputs' to avoid re-running this script phase.\necho \"SUCCESS\" > \"${SCRIPT_OUTPUT_FILE_0}\"\n";
			showEnvVarsInLog = 0;
		};
		B9ED2187D7DB48FB5292D53E /* [CP] Embed Pods Frameworks */ = {
			isa = PBXShellScriptBuildPhase;
			buildActionMask = 2147483647;
			files = (
			);
			inputFileListPaths = (
				"${PODS_ROOT}/Target Support Files/Pods-Runner/Pods-Runner-frameworks-${CONFIGURATION}-input-files.xcfilelist",
			);
			name = "[CP] Embed Pods Frameworks";
			outputFileListPaths = (
				"${PODS_ROOT}/Target Support Files/Pods-Runner/Pods-Runner-frameworks-${CONFIGURATION}-output-files.xcfilelist",
			);
			runOnlyForDeploymentPostprocessing = 0;
			shellPath = /bin/sh;
			shellScript = "\"${PODS_ROOT}/Target Support Files/Pods-Runner/Pods-Runner-frameworks.sh\"\n";
			showEnvVarsInLog = 0;
		};
/* End PBXShellScriptBuildPhase section */

/* Begin PBXSourcesBuildPhase section */
		97C146EA1CF9000F007C117D /* Sources */ = {
			isa = PBXSourcesBuildPhase;
			buildActionMask = 2147483647;
			files = (
				74858FAF1ED2DC5600515810 /* AppDelegate.swift in Sources */,
				1498D2341E8E89220040F4C2 /* GeneratedPluginRegistrant.m in Sources */,
			);
			runOnlyForDeploymentPostprocessing = 0;
		};
/* End PBXSourcesBuildPhase section */

/* Begin PBXVariantGroup section */
		97C146FA1CF9000F007C117D /* Main.storyboard */ = {
			isa = PBXVariantGroup;
			children = (
				97C146FB1CF9000F007C117D /* Base */,
			);
			name = Main.storyboard;
			sourceTree = "<group>";
		};
		97C146FF1CF9000F007C117D /* LaunchScreen.storyboard */ = {
			isa = PBXVariantGroup;
			children = (
				97C147001CF9000F007C117D /* Base */,
			);
			name = LaunchScreen.storyboard;
			sourceTree = "<group>";
		};
/* End PBXVariantGroup section */

/* Begin XCBuildConfiguration section */
		249021D3217E4FDB00AE95B9 /* Profile */ = {
			isa = XCBuildConfiguration;
			buildSettings = {
				ALWAYS_SEARCH_USER_PATHS = NO;
				CLANG_ANALYZER_NONNULL = YES;
				CLANG_CXX_LANGUAGE_STANDARD = "gnu++0x";
				CLANG_CXX_LIBRARY = "libc++";
				CLANG_ENABLE_MODULES = YES;
				CLANG_ENABLE_OBJC_ARC = YES;
				CLANG_WARN_BLOCK_CAPTURE_AUTORELEASING = YES;
				CLANG_WARN_BOOL_CONVERSION = YES;
				CLANG_WARN_COMMA = YES;
				CLANG_WARN_CONSTANT_CONVERSION = YES;
				CLANG_WARN_DEPRECATED_OBJC_IMPLEMENTATIONS = YES;
				CLANG_WARN_DIRECT_OBJC_ISA_USAGE = YES_ERROR;
				CLANG_WARN_EMPTY_BODY = YES;
				CLANG_WARN_ENUM_CONVERSION = YES;
				CLANG_WARN_INFINITE_RECURSION = YES;
				CLANG_WARN_INT_CONVERSION = YES;
				CLANG_WARN_NON_LITERAL_NULL_CONVERSION = YES;
				CLANG_WARN_OBJC_IMPLICIT_RETAIN_SELF = YES;
				CLANG_WARN_OBJC_LITERAL_CONVERSION = YES;
				CLANG_WARN_OBJC_ROOT_CLASS = YES_ERROR;
				CLANG_WARN_RANGE_LOOP_ANALYSIS = YES;
				CLANG_WARN_STRICT_PROTOTYPES = YES;
				CLANG_WARN_SUSPICIOUS_MOVE = YES;
				CLANG_WARN_UNREACHABLE_CODE = YES;
				CLANG_WARN__DUPLICATE_METHOD_MATCH = YES;
				"CODE_SIGN_IDENTITY[sdk=iphoneos*]" = "iPhone Developer";
				COPY_PHASE_STRIP = NO;
				DEBUG_INFORMATION_FORMAT = "dwarf-with-dsym";
				ENABLE_NS_ASSERTIONS = NO;
				ENABLE_STRICT_OBJC_MSGSEND = YES;
				GCC_C_LANGUAGE_STANDARD = gnu99;
				GCC_NO_COMMON_BLOCKS = YES;
				GCC_WARN_64_TO_32_BIT_CONVERSION = YES;
				GCC_WARN_ABOUT_RETURN_TYPE = YES_ERROR;
				GCC_WARN_UNDECLARED_SELECTOR = YES;
				GCC_WARN_UNINITIALIZED_AUTOS = YES_AGGRESSIVE;
				GCC_WARN_UNUSED_FUNCTION = YES;
				GCC_WARN_UNUSED_VARIABLE = YES;
				IPHONEOS_DEPLOYMENT_TARGET = 11.0;
				MTL_ENABLE_DEBUG_INFO = NO;
				SDKROOT = iphoneos;
				SUPPORTED_PLATFORMS = iphoneos;
				TARGETED_DEVICE_FAMILY = "1,2";
				VALIDATE_PRODUCT = YES;
			};
			name = Profile;
		};
		249021D4217E4FDB00AE95B9 /* Profile */ = {
			isa = XCBuildConfiguration;
			baseConfigurationReference = 7AFA3C8E1D35360C0083082E /* Release.xcconfig */;
			buildSettings = {
				ASSETCATALOG_COMPILER_APPICON_NAME = AppIcon;
				CLANG_ENABLE_MODULES = YES;
				CURRENT_PROJECT_VERSION = "$(FLUTTER_BUILD_NUMBER)";
				ENABLE_BITCODE = NO;
				INFOPLIST_FILE = Runner/Info.plist;
				LD_RUNPATH_SEARCH_PATHS = (
					"$(inherited)",
					"@executable_path/Frameworks",
				);
				PRODUCT_BUNDLE_IDENTIFIER = com.example.example;
				PRODUCT_NAME = "$(TARGET_NAME)";
				SWIFT_OBJC_BRIDGING_HEADER = "Runner/Runner-Bridging-Header.h";
				SWIFT_VERSION = 5.0;
				VERSIONING_SYSTEM = "apple-generic";
			};
			name = Profile;
		};
		97C147031CF9000F007C117D /* Debug */ = {
			isa = XCBuildConfiguration;
			buildSettings = {
				ALWAYS_SEARCH_USER_PATHS = NO;
				CLANG_ANALYZER_NONNULL = YES;
				CLANG_CXX_LANGUAGE_STANDARD = "gnu++0x";
				CLANG_CXX_LIBRARY = "libc++";
				CLANG_ENABLE_MODULES = YES;
				CLANG_ENABLE_OBJC_ARC = YES;
				CLANG_WARN_BLOCK_CAPTURE_AUTORELEASING = YES;
				CLANG_WARN_BOOL_CONVERSION = YES;
				CLANG_WARN_COMMA = YES;
				CLANG_WARN_CONSTANT_CONVERSION = YES;
				CLANG_WARN_DEPRECATED_OBJC_IMPLEMENTATIONS = YES;
				CLANG_WARN_DIRECT_OBJC_ISA_USAGE = YES_ERROR;
				CLANG_WARN_EMPTY_BODY = YES;
				CLANG_WARN_ENUM_CONVERSION = YES;
				CLANG_WARN_INFINITE_RECURSION = YES;
				CLANG_WARN_INT_CONVERSION = YES;
				CLANG_WARN_NON_LITERAL_NULL_CONVERSION = YES;
				CLANG_WARN_OBJC_IMPLICIT_RETAIN_SELF = YES;
				CLANG_WARN_OBJC_LITERAL_CONVERSION = YES;
				CLANG_WARN_OBJC_ROOT_CLASS = YES_ERROR;
				CLANG_WARN_RANGE_LOOP_ANALYSIS = YES;
				CLANG_WARN_STRICT_PROTOTYPES = YES;
				CLANG_WARN_SUSPICIOUS_MOVE = YES;
				CLANG_WARN_UNREACHABLE_CODE = YES;
				CLANG_WARN__DUPLICATE_METHOD_MATCH = YES;
				"CODE_SIGN_IDENTITY[sdk=iphoneos*]" = "iPhone Developer";
				COPY_PHASE_STRIP = NO;
				DEBUG_INFORMATION_FORMAT = dwarf;
				ENABLE_STRICT_OBJC_MSGSEND = YES;
				ENABLE_TESTABILITY = YES;
				GCC_C_LANGUAGE_STANDARD = gnu99;
				GCC_DYNAMIC_NO_PIC = NO;
				GCC_NO_COMMON_BLOCKS = YES;
				GCC_OPTIMIZATION_LEVEL = 0;
				GCC_PREPROCESSOR_DEFINITIONS = (
					"DEBUG=1",
					"$(inherited)",
				);
				GCC_WARN_64_TO_32_BIT_CONVERSION = YES;
				GCC_WARN_ABOUT_RETURN_TYPE = YES_ERROR;
				GCC_WARN_UNDECLARED_SELECTOR = YES;
				GCC_WARN_UNINITIALIZED_AUTOS = YES_AGGRESSIVE;
				GCC_WARN_UNUSED_FUNCTION = YES;
				GCC_WARN_UNUSED_VARIABLE = YES;
				IPHONEOS_DEPLOYMENT_TARGET = 11.0;
				MTL_ENABLE_DEBUG_INFO = YES;
				ONLY_ACTIVE_ARCH = YES;
				SDKROOT = iphoneos;
				TARGETED_DEVICE_FAMILY = "1,2";
			};
			name = Debug;
		};
		97C147041CF9000F007C117D /* Release */ = {
			isa = XCBuildConfiguration;
			buildSettings = {
				ALWAYS_SEARCH_USER_PATHS = NO;
				CLANG_ANALYZER_NONNULL = YES;
				CLANG_CXX_LANGUAGE_STANDARD = "gnu++0x";
				CLANG_CXX_LIBRARY = "libc++";
				CLANG_ENABLE_MODULES = YES;
				CLANG_ENABLE_OBJC_ARC = YES;
				CLANG_WARN_BLOCK_CAPTURE_AUTORELEASING = YES;
				CLANG_WARN_BOOL_CONVERSION = YES;
				CLANG_WARN_COMMA = YES;
				CLANG_WARN_CONSTANT_CONVERSION = YES;
				CLANG_WARN_DEPRECATED_OBJC_IMPLEMENTATIONS = YES;
				CLANG_WARN_DIRECT_OBJC_ISA_USAGE = YES_ERROR;
				CLANG_WARN_EMPTY_BODY = YES;
				CLANG_WARN_ENUM_CONVERSION = YES;
				CLANG_WARN_INFINITE_RECURSION = YES;
				CLANG_WARN_INT_CONVERSION = YES;
				CLANG_WARN_NON_LITERAL_NULL_CONVERSION = YES;
				CLANG_WARN_OBJC_IMPLICIT_RETAIN_SELF = YES;
				CLANG_WARN_OBJC_LITERAL_CONVERSION = YES;
				CLANG_WARN_OBJC_ROOT_CLASS = YES_ERROR;
				CLANG_WARN_RANGE_LOOP_ANALYSIS = YES;
				CLANG_WARN_STRICT_PROTOTYPES = YES;
				CLANG_WARN_SUSPICIOUS_MOVE = YES;
				CLANG_WARN_UNREACHABLE_CODE = YES;
				CLANG_WARN__DUPLICATE_METHOD_MATCH = YES;
				"CODE_SIGN_IDENTITY[sdk=iphoneos*]" = "iPhone Developer";
				COPY_PHASE_STRIP = NO;
				DEBUG_INFORMATION_FORMAT = "dwarf-with-dsym";
				ENABLE_NS_ASSERTIONS = NO;
				ENABLE_STRICT_OBJC_MSGSEND = YES;
				GCC_C_LANGUAGE_STANDARD = gnu99;
				GCC_NO_COMMON_BLOCKS = YES;
				GCC_WARN_64_TO_32_BIT_CONVERSION = YES;
				GCC_WARN_ABOUT_RETURN_TYPE = YES_ERROR;
				GCC_WARN_UNDECLARED_SELECTOR = YES;
				GCC_WARN_UNINITIALIZED_AUTOS = YES_AGGRESSIVE;
				GCC_WARN_UNUSED_FUNCTION = YES;
				GCC_WARN_UNUSED_VARIABLE = YES;
				IPHONEOS_DEPLOYMENT_TARGET = 11.0;
				MTL_ENABLE_DEBUG_INFO = NO;
				SDKROOT = iphoneos;
				SUPPORTED_PLATFORMS = iphoneos;
				SWIFT_COMPILATION_MODE = wholemodule;
				SWIFT_OPTIMIZATION_LEVEL = "-O";
				TARGETED_DEVICE_FAMILY = "1,2";
				VALIDATE_PRODUCT = YES;
			};
			name = Release;
		};
		97C147061CF9000F007C117D /* Debug */ = {
			isa = XCBuildConfiguration;
			baseConfigurationReference = 9740EEB21CF90195004384FC /* Debug.xcconfig */;
			buildSettings = {
				ASSETCATALOG_COMPILER_APPICON_NAME = AppIcon;
				CLANG_ENABLE_MODULES = YES;
				CURRENT_PROJECT_VERSION = "$(FLUTTER_BUILD_NUMBER)";
				ENABLE_BITCODE = NO;
				INFOPLIST_FILE = Runner/Info.plist;
				LD_RUNPATH_SEARCH_PATHS = (
					"$(inherited)",
					"@executable_path/Frameworks",
				);
				PRODUCT_BUNDLE_IDENTIFIER = com.example.example;
				PRODUCT_NAME = "$(TARGET_NAME)";
				SWIFT_OBJC_BRIDGING_HEADER = "Runner/Runner-Bridging-Header.h";
				SWIFT_OPTIMIZATION_LEVEL = "-Onone";
				SWIFT_VERSION = 5.0;
				VERSIONING_SYSTEM = "apple-generic";
			};
			name = Debug;
		};
		97C147071CF9000F007C117D /* Release */ = {
			isa = XCBuildConfiguration;
			baseConfigurationReference = 7AFA3C8E1D35360C0083082E /* Release.xcconfig */;
			buildSettings = {
				ASSETCATALOG_COMPILER_APPICON_NAME = AppIcon;
				CLANG_ENABLE_MODULES = YES;
				CURRENT_PROJECT_VERSION = "$(FLUTTER_BUILD_NUMBER)";
				ENABLE_BITCODE = NO;
				INFOPLIST_FILE = Runner/Info.plist;
				LD_RUNPATH_SEARCH_PATHS = (
					"$(inherited)",
					"@executable_path/Frameworks",
				);
				PRODUCT_BUNDLE_IDENTIFIER = com.example.example;
				PRODUCT_NAME = "$(TARGET_NAME)";
				SWIFT_OBJC_BRIDGING_HEADER = "Runner/Runner-Bridging-Header.h";
				SWIFT_VERSION = 5.0;
				VERSIONING_SYSTEM = "apple-generic";
			};
			name = Release;
		};
/* End XCBuildConfiguration section */

/* Begin XCConfigurationList section */
		97C146E91CF9000F007C117D /* Build configuration list for PBXProject "Runner" */ = {
			isa = XCConfigurationList;
			buildConfigurations = (
				97C147031CF9000F007C117D /* Debug */,
				97C147041CF9000F007C117D /* Release */,
				249021D3217E4FDB00AE95B9 /* Profile */,
			);
			defaultConfigurationIsVisible = 0;
			defaultConfigurationName = Release;
		};
		97C147051CF9000F007C117D /* Build configuration list for PBXNativeTarget "Runner" */ = {
			isa = XCConfigurationList;
			buildConfigurations = (
				97C147061CF9000F007C117D /* Debug */,
				97C147071CF9000F007C117D /* Release */,
				249021D4217E4FDB00AE95B9 /* Profile */,
			);
			defaultConfigurationIsVisible = 0;
			defaultConfigurationName = Release;
		};
/* End XCConfigurationList section */
	};
	rootObject = 97C146E61CF9000F007C117D /* Project object */;
}
